
Microsoft Visual Studio Solution File, Format Version 12.00
# Visual Studio Version 17
VisualStudioVersion = 17.5.002.0
MinimumVisualStudioVersion = 10.0.40219.1
Project("{9A19103F-16F7-4668-BE54-9A1E7A4F7556}") = "RandomLineReader", "RandomLineReader.csproj", "{E0E4B609-6EE5-43DE-B442-4D60BFABD879}"
EndProject
Global
	GlobalSection(SolutionConfigurationPlatforms) = preSolution
		Debug|Any CPU = Debug|Any CPU
		Release|Any CPU = Release|Any CPU
	EndGlobalSection
	GlobalSection(ProjectConfigurationPlatforms) = postSolution
		{E0E4B609-6EE5-43DE-B442-4D60BFABD879}.Debug|Any CPU.ActiveCfg = Debug|Any CPU
		{E0E4B609-6EE5-43DE-B442-4D60BFABD879}.Debug|Any CPU.Build.0 = Debug|Any CPU
		{E0E4B609-6EE5-43DE-B442-4D60BFABD879}.Release|Any CPU.ActiveCfg = Release|Any CPU
		{E0E4B609-6EE5-43DE-B442-4D60BFABD879}.Release|Any CPU.Build.0 = Release|Any CPU
	EndGlobalSection
	GlobalSection(SolutionProperties) = preSolution
		HideSolutionNode = FALSE
	EndGlobalSection
	GlobalSection(ExtensibilityGlobals) = postSolution
		SolutionGuid = {98451007-9266-4100-A62E-830675CBE40A}
	EndGlobalSection
EndGlobal
